
Microsoft Visual Studio Solution File, Format Version 12.00
# Visual Studio 2017
Project("{FAE04EC0-301F-11D3-BF4B-00C04F79EFBC}") = "unityML", "unityML.csproj", "{B14ABCD1-54DD-FE8A-2748-4922573EE5BC}"
EndProject
Project("{FAE04EC0-301F-11D3-BF4B-00C04F79EFBC}") = "unityML.Editor", "unityML.Editor.csproj", "{114B6F60-C28B-5A7E-8632-84AF8CBAE07D}"
EndProject
Global
	GlobalSection(SolutionConfigurationPlatforms) = preSolution
		Debug|Any CPU = Debug|Any CPU
		Release|Any CPU = Release|Any CPU
	EndGlobalSection
	GlobalSection(ProjectConfigurationPlatforms) = postSolution
		{B14ABCD1-54DD-FE8A-2748-4922573EE5BC}.Debug|Any CPU.ActiveCfg = Debug|Any CPU
		{B14ABCD1-54DD-FE8A-2748-4922573EE5BC}.Debug|Any CPU.Build.0 = Debug|Any CPU
		{B14ABCD1-54DD-FE8A-2748-4922573EE5BC}.Release|Any CPU.ActiveCfg = Release|Any CPU
		{B14ABCD1-54DD-FE8A-2748-4922573EE5BC}.Release|Any CPU.Build.0 = Release|Any CPU
		{114B6F60-C28B-5A7E-8632-84AF8CBAE07D}.Debug|Any CPU.ActiveCfg = Debug|Any CPU
		{114B6F60-C28B-5A7E-8632-84AF8CBAE07D}.Debug|Any CPU.Build.0 = Debug|Any CPU
		{114B6F60-C28B-5A7E-8632-84AF8CBAE07D}.Release|Any CPU.ActiveCfg = Release|Any CPU
		{114B6F60-C28B-5A7E-8632-84AF8CBAE07D}.Release|Any CPU.Build.0 = Release|Any CPU
	EndGlobalSection
	GlobalSection(SolutionProperties) = preSolution
		HideSolutionNode = FALSE
	EndGlobalSection
EndGlobal
